
Microsoft Visual Studio Solution File, Format Version 12.00
# Visual Studio 2015
Project("{FAE04EC0-301F-11D3-BF4B-00C04F79EFBC}") = "Chronos", "Chronos.csproj", "{2DA18012-EA6B-FAED-3EAF-4C175FE60D70}"
EndProject
Project("{FAE04EC0-301F-11D3-BF4B-00C04F79EFBC}") = "Chronos.Editor", "Chronos.Editor.csproj", "{5AD6392F-D9BC-396E-8094-F8B961308E36}"
EndProject
Global
	GlobalSection(SolutionConfigurationPlatforms) = preSolution
		Debug|Any CPU = Debug|Any CPU
		Release|Any CPU = Release|Any CPU
	EndGlobalSection
	GlobalSection(ProjectConfigurationPlatforms) = postSolution
		{2DA18012-EA6B-FAED-3EAF-4C175FE60D70}.Debug|Any CPU.ActiveCfg = Debug|Any CPU
		{2DA18012-EA6B-FAED-3EAF-4C175FE60D70}.Debug|Any CPU.Build.0 = Debug|Any CPU
		{2DA18012-EA6B-FAED-3EAF-4C175FE60D70}.Release|Any CPU.ActiveCfg = Release|Any CPU
		{2DA18012-EA6B-FAED-3EAF-4C175FE60D70}.Release|Any CPU.Build.0 = Release|Any CPU
		{5AD6392F-D9BC-396E-8094-F8B961308E36}.Debug|Any CPU.ActiveCfg = Debug|Any CPU
		{5AD6392F-D9BC-396E-8094-F8B961308E36}.Debug|Any CPU.Build.0 = Debug|Any CPU
		{5AD6392F-D9BC-396E-8094-F8B961308E36}.Release|Any CPU.ActiveCfg = Release|Any CPU
		{5AD6392F-D9BC-396E-8094-F8B961308E36}.Release|Any CPU.Build.0 = Release|Any CPU
	EndGlobalSection
	GlobalSection(SolutionProperties) = preSolution
		HideSolutionNode = FALSE
	EndGlobalSection
EndGlobal
